
Microsoft Visual Studio Solution File, Format Version 12.00
# Visual Studio Version 16
VisualStudioVersion = 16.0.31605.320
MinimumVisualStudioVersion = 10.0.40219.1
Project("{FAE04EC0-301F-11D3-BF4B-00C04F79EFBC}") = "CalculatorProgram2", "CalculatorProgram2\CalculatorProgram2.csproj", "{0A34C883-310F-43A8-A626-83CD191FECBD}"
EndProject
Global
	GlobalSection(SolutionConfigurationPlatforms) = preSolution
		Debug|Any CPU = Debug|Any CPU
		Release|Any CPU = Release|Any CPU
	EndGlobalSection
	GlobalSection(ProjectConfigurationPlatforms) = postSolution
		{0A34C883-310F-43A8-A626-83CD191FECBD}.Debug|Any CPU.ActiveCfg = Debug|Any CPU
		{0A34C883-310F-43A8-A626-83CD191FECBD}.Debug|Any CPU.Build.0 = Debug|Any CPU
		{0A34C883-310F-43A8-A626-83CD191FECBD}.Release|Any CPU.ActiveCfg = Release|Any CPU
		{0A34C883-310F-43A8-A626-83CD191FECBD}.Release|Any CPU.Build.0 = Release|Any CPU
	EndGlobalSection
	GlobalSection(SolutionProperties) = preSolution
		HideSolutionNode = FALSE
	EndGlobalSection
	GlobalSection(ExtensibilityGlobals) = postSolution
		SolutionGuid = {2AE25AD7-AC48-40A5-82F8-23B43EB5DA22}
	EndGlobalSection
EndGlobal
